
Microsoft Visual Studio Solution File, Format Version 12.00
# Visual Studio Version 17
VisualStudioVersion = 17.4.33205.214
MinimumVisualStudioVersion = 10.0.40219.1
Project("{FAE04EC0-301F-11D3-BF4B-00C04F79EFBC}") = "BilgeShop.Data", "BilgeShop.Data\BilgeShop.Data.csproj", "{EE87A2D6-587A-4B55-B4D1-6E8A3FF357E6}"
EndProject
Project("{FAE04EC0-301F-11D3-BF4B-00C04F79EFBC}") = "BilgeShop.Business", "BilgeShop.Business\BilgeShop.Business.csproj", "{B9C09922-BD62-4961-B07F-C7818E6602AF}"
EndProject
Project("{FAE04EC0-301F-11D3-BF4B-00C04F79EFBC}") = "BilgeShop.WebUI", "BilgeShop.WebUI\BilgeShop.WebUI.csproj", "{C174387C-DE17-47D9-87EE-C5512FF54D2D}"
EndProject
Global
	GlobalSection(SolutionConfigurationPlatforms) = preSolution
		Debug|Any CPU = Debug|Any CPU
		Release|Any CPU = Release|Any CPU
	EndGlobalSection
	GlobalSection(ProjectConfigurationPlatforms) = postSolution
		{EE87A2D6-587A-4B55-B4D1-6E8A3FF357E6}.Debug|Any CPU.ActiveCfg = Debug|Any CPU
		{EE87A2D6-587A-4B55-B4D1-6E8A3FF357E6}.Debug|Any CPU.Build.0 = Debug|Any CPU
		{EE87A2D6-587A-4B55-B4D1-6E8A3FF357E6}.Release|Any CPU.ActiveCfg = Release|Any CPU
		{EE87A2D6-587A-4B55-B4D1-6E8A3FF357E6}.Release|Any CPU.Build.0 = Release|Any CPU
		{B9C09922-BD62-4961-B07F-C7818E6602AF}.Debug|Any CPU.ActiveCfg = Debug|Any CPU
		{B9C09922-BD62-4961-B07F-C7818E6602AF}.Debug|Any CPU.Build.0 = Debug|Any CPU
		{B9C09922-BD62-4961-B07F-C7818E6602AF}.Release|Any CPU.ActiveCfg = Release|Any CPU
		{B9C09922-BD62-4961-B07F-C7818E6602AF}.Release|Any CPU.Build.0 = Release|Any CPU
		{C174387C-DE17-47D9-87EE-C5512FF54D2D}.Debug|Any CPU.ActiveCfg = Debug|Any CPU
		{C174387C-DE17-47D9-87EE-C5512FF54D2D}.Debug|Any CPU.Build.0 = Debug|Any CPU
		{C174387C-DE17-47D9-87EE-C5512FF54D2D}.Release|Any CPU.ActiveCfg = Release|Any CPU
		{C174387C-DE17-47D9-87EE-C5512FF54D2D}.Release|Any CPU.Build.0 = Release|Any CPU
	EndGlobalSection
	GlobalSection(SolutionProperties) = preSolution
		HideSolutionNode = FALSE
	EndGlobalSection
	GlobalSection(ExtensibilityGlobals) = postSolution
		SolutionGuid = {9C115BE7-2AB3-4B93-BE44-3AC92A9ECBE2}
	EndGlobalSection
EndGlobal
